
Microsoft Visual Studio Solution File, Format Version 12.00
# Visual Studio 15
VisualStudioVersion = 15.0.27004.2008
MinimumVisualStudioVersion = 10.0.40219.1
Project("{FAE04EC0-301F-11D3-BF4B-00C04F79EFBC}") = "Vaktija", "Vaktija\Vaktija.csproj", "{743C4B2B-2CFA-48D8-BC23-09B27D221553}"
EndProject
Global
	GlobalSection(SolutionConfigurationPlatforms) = preSolution
		Debug|Any CPU = Debug|Any CPU
		Release|Any CPU = Release|Any CPU
	EndGlobalSection
	GlobalSection(ProjectConfigurationPlatforms) = postSolution
		{743C4B2B-2CFA-48D8-BC23-09B27D221553}.Debug|Any CPU.ActiveCfg = Debug|Any CPU
		{743C4B2B-2CFA-48D8-BC23-09B27D221553}.Debug|Any CPU.Build.0 = Debug|Any CPU
		{743C4B2B-2CFA-48D8-BC23-09B27D221553}.Release|Any CPU.ActiveCfg = Release|Any CPU
		{743C4B2B-2CFA-48D8-BC23-09B27D221553}.Release|Any CPU.Build.0 = Release|Any CPU
	EndGlobalSection
	GlobalSection(SolutionProperties) = preSolution
		HideSolutionNode = FALSE
	EndGlobalSection
	GlobalSection(ExtensibilityGlobals) = postSolution
		SolutionGuid = {0939BF66-7768-4393-898D-940B54B735BC}
	EndGlobalSection
EndGlobal
