
Microsoft Visual Studio Solution File, Format Version 12.00
# Visual Studio Version 17
VisualStudioVersion = 17.5.33414.496
MinimumVisualStudioVersion = 10.0.40219.1
Project("{9A19103F-16F7-4668-BE54-9A1E7A4F7556}") = "Vaktija", "Vaktija\Vaktija.csproj", "{743C4B2B-2CFA-48D8-BC23-09B27D221553}"
EndProject
Project("{9A19103F-16F7-4668-BE54-9A1E7A4F7556}") = "AndroidMujezin", "AndroidMujezin\AndroidMujezin.csproj", "{7D24E7B3-DDF3-47E0-8660-BF2A4DBEAAA2}"
EndProject
Global
	GlobalSection(SolutionConfigurationPlatforms) = preSolution
		Debug|Any CPU = Debug|Any CPU
		Release|Any CPU = Release|Any CPU
	EndGlobalSection
	GlobalSection(ProjectConfigurationPlatforms) = postSolution
		{743C4B2B-2CFA-48D8-BC23-09B27D221553}.Debug|Any CPU.ActiveCfg = Debug|Any CPU
		{743C4B2B-2CFA-48D8-BC23-09B27D221553}.Debug|Any CPU.Build.0 = Debug|Any CPU
		{743C4B2B-2CFA-48D8-BC23-09B27D221553}.Release|Any CPU.ActiveCfg = Release|Any CPU
		{743C4B2B-2CFA-48D8-BC23-09B27D221553}.Release|Any CPU.Build.0 = Release|Any CPU
		{7D24E7B3-DDF3-47E0-8660-BF2A4DBEAAA2}.Debug|Any CPU.ActiveCfg = Debug|Any CPU
		{7D24E7B3-DDF3-47E0-8660-BF2A4DBEAAA2}.Debug|Any CPU.Build.0 = Debug|Any CPU
		{7D24E7B3-DDF3-47E0-8660-BF2A4DBEAAA2}.Debug|Any CPU.Deploy.0 = Debug|Any CPU
		{7D24E7B3-DDF3-47E0-8660-BF2A4DBEAAA2}.Release|Any CPU.ActiveCfg = Release|Any CPU
		{7D24E7B3-DDF3-47E0-8660-BF2A4DBEAAA2}.Release|Any CPU.Build.0 = Release|Any CPU
		{7D24E7B3-DDF3-47E0-8660-BF2A4DBEAAA2}.Release|Any CPU.Deploy.0 = Release|Any CPU
	EndGlobalSection
	GlobalSection(SolutionProperties) = preSolution
		HideSolutionNode = FALSE
	EndGlobalSection
	GlobalSection(ExtensibilityGlobals) = postSolution
		SolutionGuid = {0939BF66-7768-4393-898D-940B54B735BC}
	EndGlobalSection
EndGlobal
